
Microsoft Visual Studio Solution File, Format Version 12.00
# Visual Studio 2012
Project("{FAE04EC0-301F-11D3-BF4B-00C04F79EFBC}") = "Thamlam", "Thamlam\Thamlam.csproj", "{BB0EE42B-9BC9-4892-A272-18D576360780}"
EndProject
Global
	GlobalSection(SolutionConfigurationPlatforms) = preSolution
		Debug|Any CPU = Debug|Any CPU
		Release|Any CPU = Release|Any CPU
	EndGlobalSection
	GlobalSection(ProjectConfigurationPlatforms) = postSolution
		{BB0EE42B-9BC9-4892-A272-18D576360780}.Debug|Any CPU.ActiveCfg = Debug|Any CPU
		{BB0EE42B-9BC9-4892-A272-18D576360780}.Debug|Any CPU.Build.0 = Debug|Any CPU
		{BB0EE42B-9BC9-4892-A272-18D576360780}.Release|Any CPU.ActiveCfg = Release|Any CPU
		{BB0EE42B-9BC9-4892-A272-18D576360780}.Release|Any CPU.Build.0 = Release|Any CPU
	EndGlobalSection
	GlobalSection(SolutionProperties) = preSolution
		HideSolutionNode = FALSE
	EndGlobalSection
EndGlobal
